PODS:
  - Alamofire (4.4.0)
  - KeychainSwift (7.0.0)

DEPENDENCIES:
  - Alamofire (~> 4.3)
  - KeychainSwift (~> 7.0)

SPEC CHECKSUMS:
  Alamofire: dc44b1600b800eb63da6a19039a0083d62a6a62d
  KeychainSwift: b6947435dd78cc442c64a84ae648dd0e871cf448

PODFILE CHECKSUM: dfc9253b81fc2e8ab2b0d7c115da826f14113d0b

COCOAPODS: 1.1.1
