// !$*UTF8*$!
{
	archiveVersion = 1;
	classes = {
	};
	objectVersion = 46;
	objects = {

/* Begin PBXBuildFile section */
		4907D09A1E6C1ED500229E6D /* DataStore.swift in Sources */ = {isa = PBXBuildFile; fileRef = 4907D0991E6C1ED500229E6D /* DataStore.swift */; };
		490B81FB1E41024B00BCBC4F /* OnboardingStepThreeViewController.swift in Sources */ = {isa = PBXBuildFile; fileRef = 490B81FA1E41024B00BCBC4F /* OnboardingStepThreeViewController.swift */; };
		490B81FD1E4105BD00BCBC4F /* AccountSettingsViewController.swift in Sources */ = {isa = PBXBuildFile; fileRef = 490B81FC1E4105BD00BCBC4F /* AccountSettingsViewController.swift */; };
		49204DA01E38B69500442C74 /* AccountCollectionViewCell.swift in Sources */ = {isa = PBXBuildFile; fileRef = 49204D9F1E38B69500442C74 /* AccountCollectionViewCell.swift */; };
		492316AD1E5F428E00831BA6 /* OnboardingStepOneViewController.swift in Sources */ = {isa = PBXBuildFile; fileRef = 492316AC1E5F428E00831BA6 /* OnboardingStepOneViewController.swift */; };
		492316AF1E5F429800831BA6 /* OnboardingStepTwoViewController.swift in Sources */ = {isa = PBXBuildFile; fileRef = 492316AE1E5F429800831BA6 /* OnboardingStepTwoViewController.swift */; };
		4926CC581E3944550029C736 /* NewAccountViewController.swift in Sources */ = {isa = PBXBuildFile; fileRef = 4926CC571E3944550029C736 /* NewAccountViewController.swift */; };
		49414C6B1E38EC2300CF1F20 /* RecipientCollectionViewCell.swift in Sources */ = {isa = PBXBuildFile; fileRef = 49414C6A1E38EC2300CF1F20 /* RecipientCollectionViewCell.swift */; };
		49414C6D1E39002000CF1F20 /* ConfirmViewController.swift in Sources */ = {isa = PBXBuildFile; fileRef = 49414C6C1E39002000CF1F20 /* ConfirmViewController.swift */; };
		4952AA0A1E5751A2006165E7 /* User.swift in Sources */ = {isa = PBXBuildFile; fileRef = 4952AA091E5751A2006165E7 /* User.swift */; };
		4952AA0D1E575AAD006165E7 /* Address.swift in Sources */ = {isa = PBXBuildFile; fileRef = 4952AA0C1E575AAD006165E7 /* Address.swift */; };
		4952AA0F1E575D57006165E7 /* Beneficiary.swift in Sources */ = {isa = PBXBuildFile; fileRef = 4952AA0E1E575D57006165E7 /* Beneficiary.swift */; };
		4952AA111E575E77006165E7 /* Account.swift in Sources */ = {isa = PBXBuildFile; fileRef = 4952AA101E575E77006165E7 /* Account.swift */; };
		4952AA131E576294006165E7 /* Transaction.swift in Sources */ = {isa = PBXBuildFile; fileRef = 4952AA121E576294006165E7 /* Transaction.swift */; };
		4955F8D11E5A2B5600111540 /* Fetcher.swift in Sources */ = {isa = PBXBuildFile; fileRef = 4955F8D01E5A2B5600111540 /* Fetcher.swift */; };
		4957AC271E37B0F2006A951A /* AppDelegate.swift in Sources */ = {isa = PBXBuildFile; fileRef = 4957AC261E37B0F2006A951A /* AppDelegate.swift */; };
		4957AC291E37B0F2006A951A /* SendViewController.swift in Sources */ = {isa = PBXBuildFile; fileRef = 4957AC281E37B0F2006A951A /* SendViewController.swift */; };
		4957AC2E1E37B0F2006A951A /* Main.storyboard in Resources */ = {isa = PBXBuildFile; fileRef = 4957AC2C1E37B0F2006A951A /* Main.storyboard */; };
		4957AC301E37B0F2006A951A /* Assets.xcassets in Resources */ = {isa = PBXBuildFile; fileRef = 4957AC2F1E37B0F2006A951A /* Assets.xcassets */; };
		4957AC331E37B0F2006A951A /* LaunchScreen.storyboard in Resources */ = {isa = PBXBuildFile; fileRef = 4957AC311E37B0F2006A951A /* LaunchScreen.storyboard */; };
		495FCBEF1E5E19DB00AED200 /* TabBarViewController.swift in Sources */ = {isa = PBXBuildFile; fileRef = 495FCBEE1E5E19DB00AED200 /* TabBarViewController.swift */; };
		498824DE1E6077E900803C96 /* PushSegue.swift in Sources */ = {isa = PBXBuildFile; fileRef = 498824DD1E6077E900803C96 /* PushSegue.swift */; };
		49895E891E6E05BC001B2E05 /* AccountEditViewController.swift in Sources */ = {isa = PBXBuildFile; fileRef = 49895E881E6E05BC001B2E05 /* AccountEditViewController.swift */; };
		499375191E3A4440008D65F3 /* InitialViewController.swift in Sources */ = {isa = PBXBuildFile; fileRef = 499375181E3A4440008D65F3 /* InitialViewController.swift */; };
		4993751D1E3A5DA2008D65F3 /* LoginViewController.swift in Sources */ = {isa = PBXBuildFile; fileRef = 4993751C1E3A5DA2008D65F3 /* LoginViewController.swift */; };
		499CD25B1E585B740079D8A5 /* Keychain.swift in Sources */ = {isa = PBXBuildFile; fileRef = 499CD25A1E585B740079D8A5 /* Keychain.swift */; };
		49ABF5D81E6AF511000F12E2 /* Currency.swift in Sources */ = {isa = PBXBuildFile; fileRef = 49ABF5D71E6AF511000F12E2 /* Currency.swift */; };
		49AD23BF1E41D514002FE3C7 /* PickerViewController.swift in Sources */ = {isa = PBXBuildFile; fileRef = 49AD23BE1E41D514002FE3C7 /* PickerViewController.swift */; };
		49BE68CD1E5DBF880037D225 /* AccountDetailsViewController.swift in Sources */ = {isa = PBXBuildFile; fileRef = 49BE68CC1E5DBF880037D225 /* AccountDetailsViewController.swift */; };
		49C1CEDE1E3E81BB009076D3 /* CameraViewController.swift in Sources */ = {isa = PBXBuildFile; fileRef = 49C1CEDD1E3E81BB009076D3 /* CameraViewController.swift */; };
		49C9B70D1E3B620A004CAFEF /* UnderlinedTextField.swift in Sources */ = {isa = PBXBuildFile; fileRef = 49C9B70C1E3B620A004CAFEF /* UnderlinedTextField.swift */; };
		49CD2E7A1E731AF600FA6679 /* ResetViewController.swift in Sources */ = {isa = PBXBuildFile; fileRef = 49CD2E791E731AF600FA6679 /* ResetViewController.swift */; };
		49E500DA1E4258B7009559CB /* RecipientCreateViewController.swift in Sources */ = {isa = PBXBuildFile; fileRef = 49E500D91E4258B7009559CB /* RecipientCreateViewController.swift */; };
		49F0BC8D1E3BD83F00FB344B /* RoundedButton.swift in Sources */ = {isa = PBXBuildFile; fileRef = 49F0BC8C1E3BD83F00FB344B /* RoundedButton.swift */; };
		49F986FB1E3DF72000EC57C9 /* TransfersTableViewController.swift in Sources */ = {isa = PBXBuildFile; fileRef = 49F986FA1E3DF72000EC57C9 /* TransfersTableViewController.swift */; };
		49F986FD1E3DF91400EC57C9 /* TransferTableViewCell.swift in Sources */ = {isa = PBXBuildFile; fileRef = 49F986FC1E3DF91400EC57C9 /* TransferTableViewCell.swift */; };
		49F986FF1E3DFCC600EC57C9 /* TransferDetailsViewController.swift in Sources */ = {isa = PBXBuildFile; fileRef = 49F986FE1E3DFCC600EC57C9 /* TransferDetailsViewController.swift */; };
		49F987011E3E05F700EC57C9 /* AccountViewController.swift in Sources */ = {isa = PBXBuildFile; fileRef = 49F987001E3E05F700EC57C9 /* AccountViewController.swift */; };
		49F987031E3E08AE00EC57C9 /* RecipientsTableViewController.swift in Sources */ = {isa = PBXBuildFile; fileRef = 49F987021E3E08AE00EC57C9 /* RecipientsTableViewController.swift */; };
		49F987051E3E0AED00EC57C9 /* RecipientTableViewCell.swift in Sources */ = {isa = PBXBuildFile; fileRef = 49F987041E3E0AED00EC57C9 /* RecipientTableViewCell.swift */; };
		49F987071E3E0D0E00EC57C9 /* RecipientDetailsViewController.swift in Sources */ = {isa = PBXBuildFile; fileRef = 49F987061E3E0D0E00EC57C9 /* RecipientDetailsViewController.swift */; };
		56BBFA3A5CE49766DED0D7C2 /* Pods_MonPay.framework in Frameworks */ = {isa = PBXBuildFile; fileRef = 170A0CC36D3E05B3159E4B17 /* Pods_MonPay.framework */; };
/* End PBXBuildFile section */

/* Begin PBXFileReference section */
		170A0CC36D3E05B3159E4B17 /* Pods_MonPay.framework */ = {isa = PBXFileReference; explicitFileType = wrapper.framework; includeInIndex = 0; path = Pods_MonPay.framework; sourceTree = BUILT_PRODUCTS_DIR; };
		4907D0991E6C1ED500229E6D /* DataStore.swift */ = {isa = PBXFileReference; fileEncoding = 4; lastKnownFileType = sourcecode.swift; lineEnding = 0; path = DataStore.swift; sourceTree = "<group>"; xcLanguageSpecificationIdentifier = xcode.lang.swift; };
		490B81FA1E41024B00BCBC4F /* OnboardingStepThreeViewController.swift */ = {isa = PBXFileReference; fileEncoding = 4; lastKnownFileType = sourcecode.swift; lineEnding = 0; path = OnboardingStepThreeViewController.swift; sourceTree = "<group>"; xcLanguageSpecificationIdentifier = xcode.lang.swift; };
		490B81FC1E4105BD00BCBC4F /* AccountSettingsViewController.swift */ = {isa = PBXFileReference; fileEncoding = 4; lastKnownFileType = sourcecode.swift; lineEnding = 0; path = AccountSettingsViewController.swift; sourceTree = "<group>"; xcLanguageSpecificationIdentifier = xcode.lang.swift; };
		49204D9F1E38B69500442C74 /* AccountCollectionViewCell.swift */ = {isa = PBXFileReference; fileEncoding = 4; lastKnownFileType = sourcecode.swift; path = AccountCollectionViewCell.swift; sourceTree = "<group>"; };
		492316AC1E5F428E00831BA6 /* OnboardingStepOneViewController.swift */ = {isa = PBXFileReference; fileEncoding = 4; lastKnownFileType = sourcecode.swift; path = OnboardingStepOneViewController.swift; sourceTree = "<group>"; };
		492316AE1E5F429800831BA6 /* OnboardingStepTwoViewController.swift */ = {isa = PBXFileReference; fileEncoding = 4; lastKnownFileType = sourcecode.swift; path = OnboardingStepTwoViewController.swift; sourceTree = "<group>"; };
		4926CC571E3944550029C736 /* NewAccountViewController.swift */ = {isa = PBXFileReference; fileEncoding = 4; lastKnownFileType = sourcecode.swift; lineEnding = 0; path = NewAccountViewController.swift; sourceTree = "<group>"; xcLanguageSpecificationIdentifier = xcode.lang.swift; };
		49414C6A1E38EC2300CF1F20 /* RecipientCollectionViewCell.swift */ = {isa = PBXFileReference; fileEncoding = 4; lastKnownFileType = sourcecode.swift; path = RecipientCollectionViewCell.swift; sourceTree = "<group>"; };
		49414C6C1E39002000CF1F20 /* ConfirmViewController.swift */ = {isa = PBXFileReference; fileEncoding = 4; lastKnownFileType = sourcecode.swift; lineEnding = 0; path = ConfirmViewController.swift; sourceTree = "<group>"; xcLanguageSpecificationIdentifier = xcode.lang.swift; };
		4952AA091E5751A2006165E7 /* User.swift */ = {isa = PBXFileReference; fileEncoding = 4; lastKnownFileType = sourcecode.swift; path = User.swift; sourceTree = "<group>"; };
		4952AA0C1E575AAD006165E7 /* Address.swift */ = {isa = PBXFileReference; fileEncoding = 4; lastKnownFileType = sourcecode.swift; path = Address.swift; sourceTree = "<group>"; };
		4952AA0E1E575D57006165E7 /* Beneficiary.swift */ = {isa = PBXFileReference; fileEncoding = 4; lastKnownFileType = sourcecode.swift; path = Beneficiary.swift; sourceTree = "<group>"; };
		4952AA101E575E77006165E7 /* Account.swift */ = {isa = PBXFileReference; fileEncoding = 4; lastKnownFileType = sourcecode.swift; path = Account.swift; sourceTree = "<group>"; };
		4952AA121E576294006165E7 /* Transaction.swift */ = {isa = PBXFileReference; fileEncoding = 4; lastKnownFileType = sourcecode.swift; path = Transaction.swift; sourceTree = "<group>"; };
		4955F8D01E5A2B5600111540 /* Fetcher.swift */ = {isa = PBXFileReference; fileEncoding = 4; lastKnownFileType = sourcecode.swift; lineEnding = 0; path = Fetcher.swift; sourceTree = "<group>"; xcLanguageSpecificationIdentifier = xcode.lang.swift; };
		4957AC231E37B0F2006A951A /* MonPay.app */ = {isa = PBXFileReference; explicitFileType = wrapper.application; includeInIndex = 0; path = MonPay.app; sourceTree = BUILT_PRODUCTS_DIR; };
		4957AC261E37B0F2006A951A /* AppDelegate.swift */ = {isa = PBXFileReference; lastKnownFileType = sourcecode.swift; lineEnding = 0; path = AppDelegate.swift; sourceTree = "<group>"; xcLanguageSpecificationIdentifier = xcode.lang.swift; };
		4957AC281E37B0F2006A951A /* SendViewController.swift */ = {isa = PBXFileReference; lastKnownFileType = sourcecode.swift; lineEnding = 0; path = SendViewController.swift; sourceTree = "<group>"; xcLanguageSpecificationIdentifier = xcode.lang.swift; };
		4957AC2D1E37B0F2006A951A /* Base */ = {isa = PBXFileReference; lastKnownFileType = file.storyboard; name = Base; path = Base.lproj/Main.storyboard; sourceTree = "<group>"; };
		4957AC2F1E37B0F2006A951A /* Assets.xcassets */ = {isa = PBXFileReference; lastKnownFileType = folder.assetcatalog; path = Assets.xcassets; sourceTree = "<group>"; };
		4957AC321E37B0F2006A951A /* Base */ = {isa = PBXFileReference; lastKnownFileType = file.storyboard; name = Base; path = Base.lproj/LaunchScreen.storyboard; sourceTree = "<group>"; };
		4957AC341E37B0F2006A951A /* Info.plist */ = {isa = PBXFileReference; lastKnownFileType = text.plist.xml; path = Info.plist; sourceTree = "<group>"; };
		495FCBEE1E5E19DB00AED200 /* TabBarViewController.swift */ = {isa = PBXFileReference; fileEncoding = 4; lastKnownFileType = sourcecode.swift; path = TabBarViewController.swift; sourceTree = "<group>"; };
		498824DD1E6077E900803C96 /* PushSegue.swift */ = {isa = PBXFileReference; fileEncoding = 4; lastKnownFileType = sourcecode.swift; path = PushSegue.swift; sourceTree = "<group>"; };
		49895E881E6E05BC001B2E05 /* AccountEditViewController.swift */ = {isa = PBXFileReference; fileEncoding = 4; lastKnownFileType = sourcecode.swift; lineEnding = 0; path = AccountEditViewController.swift; sourceTree = "<group>"; xcLanguageSpecificationIdentifier = xcode.lang.swift; };
		499375181E3A4440008D65F3 /* InitialViewController.swift */ = {isa = PBXFileReference; fileEncoding = 4; lastKnownFileType = sourcecode.swift; path = InitialViewController.swift; sourceTree = "<group>"; };
		4993751C1E3A5DA2008D65F3 /* LoginViewController.swift */ = {isa = PBXFileReference; fileEncoding = 4; lastKnownFileType = sourcecode.swift; lineEnding = 0; path = LoginViewController.swift; sourceTree = "<group>"; xcLanguageSpecificationIdentifier = xcode.lang.swift; };
		499CD25A1E585B740079D8A5 /* Keychain.swift */ = {isa = PBXFileReference; fileEncoding = 4; lastKnownFileType = sourcecode.swift; lineEnding = 0; path = Keychain.swift; sourceTree = "<group>"; xcLanguageSpecificationIdentifier = xcode.lang.swift; };
		49ABF5D71E6AF511000F12E2 /* Currency.swift */ = {isa = PBXFileReference; fileEncoding = 4; lastKnownFileType = sourcecode.swift; path = Currency.swift; sourceTree = "<group>"; };
		49AD23BE1E41D514002FE3C7 /* PickerViewController.swift */ = {isa = PBXFileReference; fileEncoding = 4; lastKnownFileType = sourcecode.swift; path = PickerViewController.swift; sourceTree = "<group>"; };
		49BE68CC1E5DBF880037D225 /* AccountDetailsViewController.swift */ = {isa = PBXFileReference; fileEncoding = 4; lastKnownFileType = sourcecode.swift; lineEnding = 0; path = AccountDetailsViewController.swift; sourceTree = "<group>"; xcLanguageSpecificationIdentifier = xcode.lang.swift; };
		49C1CEDD1E3E81BB009076D3 /* CameraViewController.swift */ = {isa = PBXFileReference; fileEncoding = 4; lastKnownFileType = sourcecode.swift; path = CameraViewController.swift; sourceTree = "<group>"; };
		49C9B70C1E3B620A004CAFEF /* UnderlinedTextField.swift */ = {isa = PBXFileReference; fileEncoding = 4; lastKnownFileType = sourcecode.swift; path = UnderlinedTextField.swift; sourceTree = "<group>"; };
		49CD2E791E731AF600FA6679 /* ResetViewController.swift */ = {isa = PBXFileReference; fileEncoding = 4; lastKnownFileType = sourcecode.swift; path = ResetViewController.swift; sourceTree = "<group>"; };
		49E500D91E4258B7009559CB /* RecipientCreateViewController.swift */ = {isa = PBXFileReference; fileEncoding = 4; lastKnownFileType = sourcecode.swift; lineEnding = 0; path = RecipientCreateViewController.swift; sourceTree = "<group>"; xcLanguageSpecificationIdentifier = xcode.lang.swift; };
		49F0BC8C1E3BD83F00FB344B /* RoundedButton.swift */ = {isa = PBXFileReference; fileEncoding = 4; lastKnownFileType = sourcecode.swift; path = RoundedButton.swift; sourceTree = "<group>"; };
		49F986FA1E3DF72000EC57C9 /* TransfersTableViewController.swift */ = {isa = PBXFileReference; fileEncoding = 4; lastKnownFileType = sourcecode.swift; path = TransfersTableViewController.swift; sourceTree = "<group>"; };
		49F986FC1E3DF91400EC57C9 /* TransferTableViewCell.swift */ = {isa = PBXFileReference; fileEncoding = 4; lastKnownFileType = sourcecode.swift; path = TransferTableViewCell.swift; sourceTree = "<group>"; };
		49F986FE1E3DFCC600EC57C9 /* TransferDetailsViewController.swift */ = {isa = PBXFileReference; fileEncoding = 4; lastKnownFileType = sourcecode.swift; lineEnding = 0; path = TransferDetailsViewController.swift; sourceTree = "<group>"; xcLanguageSpecificationIdentifier = xcode.lang.swift; };
		49F987001E3E05F700EC57C9 /* AccountViewController.swift */ = {isa = PBXFileReference; fileEncoding = 4; lastKnownFileType = sourcecode.swift; lineEnding = 0; path = AccountViewController.swift; sourceTree = "<group>"; xcLanguageSpecificationIdentifier = xcode.lang.swift; };
		49F987021E3E08AE00EC57C9 /* RecipientsTableViewController.swift */ = {isa = PBXFileReference; fileEncoding = 4; lastKnownFileType = sourcecode.swift; path = RecipientsTableViewController.swift; sourceTree = "<group>"; };
		49F987041E3E0AED00EC57C9 /* RecipientTableViewCell.swift */ = {isa = PBXFileReference; fileEncoding = 4; lastKnownFileType = sourcecode.swift; path = RecipientTableViewCell.swift; sourceTree = "<group>"; };
		49F987061E3E0D0E00EC57C9 /* RecipientDetailsViewController.swift */ = {isa = PBXFileReference; fileEncoding = 4; lastKnownFileType = sourcecode.swift; lineEnding = 0; path = RecipientDetailsViewController.swift; sourceTree = "<group>"; xcLanguageSpecificationIdentifier = xcode.lang.swift; };
		CDCB906802458C6DCC2DAD5A /* Pods-MonPay.release.xcconfig */ = {isa = PBXFileReference; includeInIndex = 1; lastKnownFileType = text.xcconfig; name = "Pods-MonPay.release.xcconfig"; path = "Pods/Target Support Files/Pods-MonPay/Pods-MonPay.release.xcconfig"; sourceTree = "<group>"; };
		E29D4BE9F0DB2DF161219305 /* Pods-MonPay.debug.xcconfig */ = {isa = PBXFileReference; includeInIndex = 1; lastKnownFileType = text.xcconfig; name = "Pods-MonPay.debug.xcconfig"; path = "Pods/Target Support Files/Pods-MonPay/Pods-MonPay.debug.xcconfig"; sourceTree = "<group>"; };
/* End PBXFileReference section */

/* Begin PBXFrameworksBuildPhase section */
		4957AC201E37B0F2006A951A /* Frameworks */ = {
			isa = PBXFrameworksBuildPhase;
			buildActionMask = 2147483647;
			files = (
				56BBFA3A5CE49766DED0D7C2 /* Pods_MonPay.framework in Frameworks */,
			);
			runOnlyForDeploymentPostprocessing = 0;
		};
/* End PBXFrameworksBuildPhase section */

/* Begin PBXGroup section */
		002DBA6EB3857273AEA94A99 /* Pods */ = {
			isa = PBXGroup;
			children = (
				E29D4BE9F0DB2DF161219305 /* Pods-MonPay.debug.xcconfig */,
				CDCB906802458C6DCC2DAD5A /* Pods-MonPay.release.xcconfig */,
			);
			name = Pods;
			sourceTree = "<group>";
		};
		2885DC9E7893EBF2CFBB67BB /* Frameworks */ = {
			isa = PBXGroup;
			children = (
				170A0CC36D3E05B3159E4B17 /* Pods_MonPay.framework */,
			);
			name = Frameworks;
			sourceTree = "<group>";
		};
		490B81FE1E41193800BCBC4F /* Onboarding */ = {
			isa = PBXGroup;
			children = (
				49C1CEDD1E3E81BB009076D3 /* CameraViewController.swift */,
				499375181E3A4440008D65F3 /* InitialViewController.swift */,
				4993751C1E3A5DA2008D65F3 /* LoginViewController.swift */,
				49CD2E791E731AF600FA6679 /* ResetViewController.swift */,
				490B81FF1E41194500BCBC4F /* Registration Steps */,
			);
			name = Onboarding;
			sourceTree = "<group>";
		};
		490B81FF1E41194500BCBC4F /* Registration Steps */ = {
			isa = PBXGroup;
			children = (
				492316AC1E5F428E00831BA6 /* OnboardingStepOneViewController.swift */,
				492316AE1E5F429800831BA6 /* OnboardingStepTwoViewController.swift */,
				490B81FA1E41024B00BCBC4F /* OnboardingStepThreeViewController.swift */,
			);
			name = "Registration Steps";
			sourceTree = "<group>";
		};
		490B82001E41196800BCBC4F /* Main */ = {
			isa = PBXGroup;
			children = (
				495FCBEE1E5E19DB00AED200 /* TabBarViewController.swift */,
				490B82021E4119A000BCBC4F /* Send */,
				490B82031E4119A800BCBC4F /* Transfers */,
				490B82041E4119AF00BCBC4F /* Recipients */,
				490B82051E4119B600BCBC4F /* Account */,
			);
			name = Main;
			sourceTree = "<group>";
		};
		490B82011E41197D00BCBC4F /* Components */ = {
			isa = PBXGroup;
			children = (
				49AD23BE1E41D514002FE3C7 /* PickerViewController.swift */,
				49C9B70C1E3B620A004CAFEF /* UnderlinedTextField.swift */,
				49F0BC8C1E3BD83F00FB344B /* RoundedButton.swift */,
				498824DD1E6077E900803C96 /* PushSegue.swift */,
			);
			name = Components;
			sourceTree = "<group>";
		};
		490B82021E4119A000BCBC4F /* Send */ = {
			isa = PBXGroup;
			children = (
				4957AC281E37B0F2006A951A /* SendViewController.swift */,
				49414C6A1E38EC2300CF1F20 /* RecipientCollectionViewCell.swift */,
				49414C6C1E39002000CF1F20 /* ConfirmViewController.swift */,
			);
			name = Send;
			sourceTree = "<group>";
		};
		490B82031E4119A800BCBC4F /* Transfers */ = {
			isa = PBXGroup;
			children = (
				49F986FA1E3DF72000EC57C9 /* TransfersTableViewController.swift */,
				49F986FC1E3DF91400EC57C9 /* TransferTableViewCell.swift */,
				49F986FE1E3DFCC600EC57C9 /* TransferDetailsViewController.swift */,
			);
			name = Transfers;
			sourceTree = "<group>";
		};
		490B82041E4119AF00BCBC4F /* Recipients */ = {
			isa = PBXGroup;
			children = (
				49F987021E3E08AE00EC57C9 /* RecipientsTableViewController.swift */,
				49F987041E3E0AED00EC57C9 /* RecipientTableViewCell.swift */,
				49F987061E3E0D0E00EC57C9 /* RecipientDetailsViewController.swift */,
				49E500D91E4258B7009559CB /* RecipientCreateViewController.swift */,
			);
			name = Recipients;
			sourceTree = "<group>";
		};
		490B82051E4119B600BCBC4F /* Account */ = {
			isa = PBXGroup;
			children = (
				49F987001E3E05F700EC57C9 /* AccountViewController.swift */,
				49204D9F1E38B69500442C74 /* AccountCollectionViewCell.swift */,
				49BE68CC1E5DBF880037D225 /* AccountDetailsViewController.swift */,
				4926CC571E3944550029C736 /* NewAccountViewController.swift */,
				490B81FC1E4105BD00BCBC4F /* AccountSettingsViewController.swift */,
				49895E881E6E05BC001B2E05 /* AccountEditViewController.swift */,
			);
			name = Account;
			sourceTree = "<group>";
		};
		4952AA0B1E57560D006165E7 /* Models */ = {
			isa = PBXGroup;
			children = (
				4952AA091E5751A2006165E7 /* User.swift */,
				4952AA0C1E575AAD006165E7 /* Address.swift */,
				4952AA0E1E575D57006165E7 /* Beneficiary.swift */,
				4952AA101E575E77006165E7 /* Account.swift */,
				4952AA121E576294006165E7 /* Transaction.swift */,
				49ABF5D71E6AF511000F12E2 /* Currency.swift */,
			);
			name = Models;
			sourceTree = "<group>";
		};
		4957AC1A1E37B0F2006A951A = {
			isa = PBXGroup;
			children = (
				4957AC251E37B0F2006A951A /* MonPay */,
				4957AC241E37B0F2006A951A /* Products */,
				002DBA6EB3857273AEA94A99 /* Pods */,
				2885DC9E7893EBF2CFBB67BB /* Frameworks */,
			);
			sourceTree = "<group>";
		};
		4957AC241E37B0F2006A951A /* Products */ = {
			isa = PBXGroup;
			children = (
				4957AC231E37B0F2006A951A /* MonPay.app */,
			);
			name = Products;
			sourceTree = "<group>";
		};
		4957AC251E37B0F2006A951A /* MonPay */ = {
			isa = PBXGroup;
			children = (
				4952AA0B1E57560D006165E7 /* Models */,
				499CD25C1E585BEE0079D8A5 /* Utils */,
				490B82011E41197D00BCBC4F /* Components */,
				490B81FE1E41193800BCBC4F /* Onboarding */,
				490B82001E41196800BCBC4F /* Main */,
				4957AC261E37B0F2006A951A /* AppDelegate.swift */,
				4957AC2C1E37B0F2006A951A /* Main.storyboard */,
				4957AC311E37B0F2006A951A /* LaunchScreen.storyboard */,
				4957AC2F1E37B0F2006A951A /* Assets.xcassets */,
				4957AC341E37B0F2006A951A /* Info.plist */,
			);
			path = MonPay;
			sourceTree = "<group>";
		};
		499CD25C1E585BEE0079D8A5 /* Utils */ = {
			isa = PBXGroup;
			children = (
				4907D0991E6C1ED500229E6D /* DataStore.swift */,
				499CD25A1E585B740079D8A5 /* Keychain.swift */,
				4955F8D01E5A2B5600111540 /* Fetcher.swift */,
			);
			name = Utils;
			sourceTree = "<group>";
		};
/* End PBXGroup section */

/* Begin PBXNativeTarget section */
		4957AC221E37B0F2006A951A /* MonPay */ = {
			isa = PBXNativeTarget;
			buildConfigurationList = 4957AC371E37B0F2006A951A /* Build configuration list for PBXNativeTarget "MonPay" */;
			buildPhases = (
				A80AB775151B8A479EBBD274 /* [CP] Check Pods Manifest.lock */,
				4957AC1F1E37B0F2006A951A /* Sources */,
				4957AC201E37B0F2006A951A /* Frameworks */,
				4957AC211E37B0F2006A951A /* Resources */,
				F671B6EBD28290E9B332A6D0 /* [CP] Embed Pods Frameworks */,
				6883DBF7F8B44E6CE6917647 /* [CP] Copy Pods Resources */,
			);
			buildRules = (
			);
			dependencies = (
			);
			name = MonPay;
			productName = MonPay;
			productReference = 4957AC231E37B0F2006A951A /* MonPay.app */;
			productType = "com.apple.product-type.application";
		};
/* End PBXNativeTarget section */

/* Begin PBXProject section */
		4957AC1B1E37B0F2006A951A /* Project object */ = {
			isa = PBXProject;
			attributes = {
				LastSwiftUpdateCheck = 0820;
				LastUpgradeCheck = 0820;
				ORGANIZATIONNAME = TeodorGarzdin;
				TargetAttributes = {
					4957AC221E37B0F2006A951A = {
						CreatedOnToolsVersion = 8.2.1;
						DevelopmentTeam = 5TZ5UX6U2K;
						ProvisioningStyle = Automatic;
					};
				};
			};
			buildConfigurationList = 4957AC1E1E37B0F2006A951A /* Build configuration list for PBXProject "MonPay" */;
			compatibilityVersion = "Xcode 3.2";
			developmentRegion = English;
			hasScannedForEncodings = 0;
			knownRegions = (
				en,
				Base,
			);
			mainGroup = 4957AC1A1E37B0F2006A951A;
			productRefGroup = 4957AC241E37B0F2006A951A /* Products */;
			projectDirPath = "";
			projectRoot = "";
			targets = (
				4957AC221E37B0F2006A951A /* MonPay */,
			);
		};
/* End PBXProject section */

/* Begin PBXResourcesBuildPhase section */
		4957AC211E37B0F2006A951A /* Resources */ = {
			isa = PBXResourcesBuildPhase;
			buildActionMask = 2147483647;
			files = (
				4957AC331E37B0F2006A951A /* LaunchScreen.storyboard in Resources */,
				4957AC301E37B0F2006A951A /* Assets.xcassets in Resources */,
				4957AC2E1E37B0F2006A951A /* Main.storyboard in Resources */,
			);
			runOnlyForDeploymentPostprocessing = 0;
		};
/* End PBXResourcesBuildPhase section */

/* Begin PBXShellScriptBuildPhase section */
		6883DBF7F8B44E6CE6917647 /* [CP] Copy Pods Resources */ = {
			isa = PBXShellScriptBuildPhase;
			buildActionMask = 2147483647;
			files = (
			);
			inputPaths = (
			);
			name = "[CP] Copy Pods Resources";
			outputPaths = (
			);
			runOnlyForDeploymentPostprocessing = 0;
			shellPath = /bin/sh;
			shellScript = "\"${SRCROOT}/Pods/Target Support Files/Pods-MonPay/Pods-MonPay-resources.sh\"\n";
			showEnvVarsInLog = 0;
		};
		A80AB775151B8A479EBBD274 /* [CP] Check Pods Manifest.lock */ = {
			isa = PBXShellScriptBuildPhase;
			buildActionMask = 2147483647;
			files = (
			);
			inputPaths = (
			);
			name = "[CP] Check Pods Manifest.lock";
			outputPaths = (
			);
			runOnlyForDeploymentPostprocessing = 0;
			shellPath = /bin/sh;
			shellScript = "diff \"${PODS_ROOT}/../Podfile.lock\" \"${PODS_ROOT}/Manifest.lock\" > /dev/null\nif [ $? != 0 ] ; then\n    # print error to STDERR\n    echo \"error: The sandbox is not in sync with the Podfile.lock. Run 'pod install' or update your CocoaPods installation.\" >&2\n    exit 1\nfi\n";
			showEnvVarsInLog = 0;
		};
		F671B6EBD28290E9B332A6D0 /* [CP] Embed Pods Frameworks */ = {
			isa = PBXShellScriptBuildPhase;
			buildActionMask = 2147483647;
			files = (
			);
			inputPaths = (
			);
			name = "[CP] Embed Pods Frameworks";
			outputPaths = (
			);
			runOnlyForDeploymentPostprocessing = 0;
			shellPath = /bin/sh;
			shellScript = "\"${SRCROOT}/Pods/Target Support Files/Pods-MonPay/Pods-MonPay-frameworks.sh\"\n";
			showEnvVarsInLog = 0;
		};
/* End PBXShellScriptBuildPhase section */

/* Begin PBXSourcesBuildPhase section */
		4957AC1F1E37B0F2006A951A /* Sources */ = {
			isa = PBXSourcesBuildPhase;
			buildActionMask = 2147483647;
			files = (
				4993751D1E3A5DA2008D65F3 /* LoginViewController.swift in Sources */,
				49BE68CD1E5DBF880037D225 /* AccountDetailsViewController.swift in Sources */,
				49F986FB1E3DF72000EC57C9 /* TransfersTableViewController.swift in Sources */,
				4926CC581E3944550029C736 /* NewAccountViewController.swift in Sources */,
				4957AC271E37B0F2006A951A /* AppDelegate.swift in Sources */,
				499CD25B1E585B740079D8A5 /* Keychain.swift in Sources */,
				4952AA111E575E77006165E7 /* Account.swift in Sources */,
				492316AD1E5F428E00831BA6 /* OnboardingStepOneViewController.swift in Sources */,
				4952AA0A1E5751A2006165E7 /* User.swift in Sources */,
				4952AA0D1E575AAD006165E7 /* Address.swift in Sources */,
				49CD2E7A1E731AF600FA6679 /* ResetViewController.swift in Sources */,
				49414C6B1E38EC2300CF1F20 /* RecipientCollectionViewCell.swift in Sources */,
				4952AA0F1E575D57006165E7 /* Beneficiary.swift in Sources */,
				49414C6D1E39002000CF1F20 /* ConfirmViewController.swift in Sources */,
				49C9B70D1E3B620A004CAFEF /* UnderlinedTextField.swift in Sources */,
				49F987011E3E05F700EC57C9 /* AccountViewController.swift in Sources */,
				49AD23BF1E41D514002FE3C7 /* PickerViewController.swift in Sources */,
				4955F8D11E5A2B5600111540 /* Fetcher.swift in Sources */,
				49F987071E3E0D0E00EC57C9 /* RecipientDetailsViewController.swift in Sources */,
				495FCBEF1E5E19DB00AED200 /* TabBarViewController.swift in Sources */,
				49F987031E3E08AE00EC57C9 /* RecipientsTableViewController.swift in Sources */,
				498824DE1E6077E900803C96 /* PushSegue.swift in Sources */,
				49895E891E6E05BC001B2E05 /* AccountEditViewController.swift in Sources */,
				490B81FD1E4105BD00BCBC4F /* AccountSettingsViewController.swift in Sources */,
				49C1CEDE1E3E81BB009076D3 /* CameraViewController.swift in Sources */,
				499375191E3A4440008D65F3 /* InitialViewController.swift in Sources */,
				4952AA131E576294006165E7 /* Transaction.swift in Sources */,
				4907D09A1E6C1ED500229E6D /* DataStore.swift in Sources */,
				49E500DA1E4258B7009559CB /* RecipientCreateViewController.swift in Sources */,
				49ABF5D81E6AF511000F12E2 /* Currency.swift in Sources */,
				492316AF1E5F429800831BA6 /* OnboardingStepTwoViewController.swift in Sources */,
				49F987051E3E0AED00EC57C9 /* RecipientTableViewCell.swift in Sources */,
				49F0BC8D1E3BD83F00FB344B /* RoundedButton.swift in Sources */,
				49204DA01E38B69500442C74 /* AccountCollectionViewCell.swift in Sources */,
				49F986FD1E3DF91400EC57C9 /* TransferTableViewCell.swift in Sources */,
				4957AC291E37B0F2006A951A /* SendViewController.swift in Sources */,
				49F986FF1E3DFCC600EC57C9 /* TransferDetailsViewController.swift in Sources */,
				490B81FB1E41024B00BCBC4F /* OnboardingStepThreeViewController.swift in Sources */,
			);
			runOnlyForDeploymentPostprocessing = 0;
		};
/* End PBXSourcesBuildPhase section */

/* Begin PBXVariantGroup section */
		4957AC2C1E37B0F2006A951A /* Main.storyboard */ = {
			isa = PBXVariantGroup;
			children = (
				4957AC2D1E37B0F2006A951A /* Base */,
			);
			name = Main.storyboard;
			sourceTree = "<group>";
		};
		4957AC311E37B0F2006A951A /* LaunchScreen.storyboard */ = {
			isa = PBXVariantGroup;
			children = (
				4957AC321E37B0F2006A951A /* Base */,
			);
			name = LaunchScreen.storyboard;
			sourceTree = "<group>";
		};
/* End PBXVariantGroup section */

/* Begin XCBuildConfiguration section */
		4957AC351E37B0F2006A951A /* Debug */ = {
			isa = XCBuildConfiguration;
			buildSettings = {
				ALWAYS_SEARCH_USER_PATHS = NO;
				CLANG_ANALYZER_NONNULL = YES;
				CLANG_CXX_LANGUAGE_STANDARD = "gnu++0x";
				CLANG_CXX_LIBRARY = "libc++";
				CLANG_ENABLE_MODULES = YES;
				CLANG_ENABLE_OBJC_ARC = YES;
				CLANG_WARN_BOOL_CONVERSION = YES;
				CLANG_WARN_CONSTANT_CONVERSION = YES;
				CLANG_WARN_DIRECT_OBJC_ISA_USAGE = YES_ERROR;
				CLANG_WARN_DOCUMENTATION_COMMENTS = YES;
				CLANG_WARN_EMPTY_BODY = YES;
				CLANG_WARN_ENUM_CONVERSION = YES;
				CLANG_WARN_INFINITE_RECURSION = YES;
				CLANG_WARN_INT_CONVERSION = YES;
				CLANG_WARN_OBJC_ROOT_CLASS = YES_ERROR;
				CLANG_WARN_SUSPICIOUS_MOVE = YES;
				CLANG_WARN_UNREACHABLE_CODE = YES;
				CLANG_WARN__DUPLICATE_METHOD_MATCH = YES;
				"CODE_SIGN_IDENTITY[sdk=iphoneos*]" = "iPhone Developer";
				COPY_PHASE_STRIP = NO;
				DEBUG_INFORMATION_FORMAT = dwarf;
				ENABLE_STRICT_OBJC_MSGSEND = YES;
				ENABLE_TESTABILITY = YES;
				GCC_C_LANGUAGE_STANDARD = gnu99;
				GCC_DYNAMIC_NO_PIC = NO;
				GCC_NO_COMMON_BLOCKS = YES;
				GCC_OPTIMIZATION_LEVEL = 0;
				GCC_PREPROCESSOR_DEFINITIONS = (
					"DEBUG=1",
					"$(inherited)",
				);
				GCC_WARN_64_TO_32_BIT_CONVERSION = YES;
				GCC_WARN_ABOUT_RETURN_TYPE = YES_ERROR;
				GCC_WARN_UNDECLARED_SELECTOR = YES;
				GCC_WARN_UNINITIALIZED_AUTOS = YES_AGGRESSIVE;
				GCC_WARN_UNUSED_FUNCTION = YES;
				GCC_WARN_UNUSED_VARIABLE = YES;
				IPHONEOS_DEPLOYMENT_TARGET = 10.2;
				MTL_ENABLE_DEBUG_INFO = YES;
				ONLY_ACTIVE_ARCH = YES;
				SDKROOT = iphoneos;
				SWIFT_ACTIVE_COMPILATION_CONDITIONS = DEBUG;
				SWIFT_OPTIMIZATION_LEVEL = "-Onone";
			};
			name = Debug;
		};
		4957AC361E37B0F2006A951A /* Release */ = {
			isa = XCBuildConfiguration;
			buildSettings = {
				ALWAYS_SEARCH_USER_PATHS = NO;
				CLANG_ANALYZER_NONNULL = YES;
				CLANG_CXX_LANGUAGE_STANDARD = "gnu++0x";
				CLANG_CXX_LIBRARY = "libc++";
				CLANG_ENABLE_MODULES = YES;
				CLANG_ENABLE_OBJC_ARC = YES;
				CLANG_WARN_BOOL_CONVERSION = YES;
				CLANG_WARN_CONSTANT_CONVERSION = YES;
				CLANG_WARN_DIRECT_OBJC_ISA_USAGE = YES_ERROR;
				CLANG_WARN_DOCUMENTATION_COMMENTS = YES;
				CLANG_WARN_EMPTY_BODY = YES;
				CLANG_WARN_ENUM_CONVERSION = YES;
				CLANG_WARN_INFINITE_RECURSION = YES;
				CLANG_WARN_INT_CONVERSION = YES;
				CLANG_WARN_OBJC_ROOT_CLASS = YES_ERROR;
				CLANG_WARN_SUSPICIOUS_MOVE = YES;
				CLANG_WARN_UNREACHABLE_CODE = YES;
				CLANG_WARN__DUPLICATE_METHOD_MATCH = YES;
				"CODE_SIGN_IDENTITY[sdk=iphoneos*]" = "iPhone Developer";
				COPY_PHASE_STRIP = NO;
				DEBUG_INFORMATION_FORMAT = "dwarf-with-dsym";
				ENABLE_NS_ASSERTIONS = NO;
				ENABLE_STRICT_OBJC_MSGSEND = YES;
				GCC_C_LANGUAGE_STANDARD = gnu99;
				GCC_NO_COMMON_BLOCKS = YES;
				GCC_WARN_64_TO_32_BIT_CONVERSION = YES;
				GCC_WARN_ABOUT_RETURN_TYPE = YES_ERROR;
				GCC_WARN_UNDECLARED_SELECTOR = YES;
				GCC_WARN_UNINITIALIZED_AUTOS = YES_AGGRESSIVE;
				GCC_WARN_UNUSED_FUNCTION = YES;
				GCC_WARN_UNUSED_VARIABLE = YES;
				IPHONEOS_DEPLOYMENT_TARGET = 10.2;
				MTL_ENABLE_DEBUG_INFO = NO;
				SDKROOT = iphoneos;
				SWIFT_OPTIMIZATION_LEVEL = "-Owholemodule";
				VALIDATE_PRODUCT = YES;
			};
			name = Release;
		};
		4957AC381E37B0F2006A951A /* Debug */ = {
			isa = XCBuildConfiguration;
			baseConfigurationReference = E29D4BE9F0DB2DF161219305 /* Pods-MonPay.debug.xcconfig */;
			buildSettings = {
				ALWAYS_EMBED_SWIFT_STANDARD_LIBRARIES = YES;
				ASSETCATALOG_COMPILER_APPICON_NAME = AppIcon;
				DEVELOPMENT_TEAM = 5TZ5UX6U2K;
				INFOPLIST_FILE = MonPay/Info.plist;
				LD_RUNPATH_SEARCH_PATHS = "$(inherited) @executable_path/Frameworks";
				PRODUCT_BUNDLE_IDENTIFIER = com.teodorgarzdin.MonPay;
				PRODUCT_NAME = "$(TARGET_NAME)";
				SWIFT_VERSION = 3.0;
			};
			name = Debug;
		};
		4957AC391E37B0F2006A951A /* Release */ = {
			isa = XCBuildConfiguration;
			baseConfigurationReference = CDCB906802458C6DCC2DAD5A /* Pods-MonPay.release.xcconfig */;
			buildSettings = {
				ALWAYS_EMBED_SWIFT_STANDARD_LIBRARIES = YES;
				ASSETCATALOG_COMPILER_APPICON_NAME = AppIcon;
				DEVELOPMENT_TEAM = 5TZ5UX6U2K;
				INFOPLIST_FILE = MonPay/Info.plist;
				LD_RUNPATH_SEARCH_PATHS = "$(inherited) @executable_path/Frameworks";
				PRODUCT_BUNDLE_IDENTIFIER = com.teodorgarzdin.MonPay;
				PRODUCT_NAME = "$(TARGET_NAME)";
				SWIFT_VERSION = 3.0;
			};
			name = Release;
		};
/* End XCBuildConfiguration section */

/* Begin XCConfigurationList section */
		4957AC1E1E37B0F2006A951A /* Build configuration list for PBXProject "MonPay" */ = {
			isa = XCConfigurationList;
			buildConfigurations = (
				4957AC351E37B0F2006A951A /* Debug */,
				4957AC361E37B0F2006A951A /* Release */,
			);
			defaultConfigurationIsVisible = 0;
			defaultConfigurationName = Release;
		};
		4957AC371E37B0F2006A951A /* Build configuration list for PBXNativeTarget "MonPay" */ = {
			isa = XCConfigurationList;
			buildConfigurations = (
				4957AC381E37B0F2006A951A /* Debug */,
				4957AC391E37B0F2006A951A /* Release */,
			);
			defaultConfigurationIsVisible = 0;
			defaultConfigurationName = Release;
		};
/* End XCConfigurationList section */
	};
	rootObject = 4957AC1B1E37B0F2006A951A /* Project object */;
}
